{
  "name": "ClimaTrack Pro",
  "short_name": "ClimaTrack",
  "description": "Gestión profesional de trabajos HVAC",
  "start_url": "/?source=pwa",
  "scope": "/",
  "display": "standalone",
  "background_color": "#f8fafc",
  "theme_color": "#2563eb",
  "orientation": "portrait",
  "icons": [
    {
      "src": "https://cdn-icons-png.flaticon.com/512/1839/1839347.png",
      "sizes": "512x512",
      "type": "image/png"
    }
  ]
}